// !$*UTF8*$!
{
	archiveVersion = 1;
	classes = {
	};
	objectVersion = 55;
	objects = {

/* Begin PBXBuildFile section */
		0661B606284FA15D0099AD07 /* LocationsInfoVC.swift in Sources */ = {isa = PBXBuildFile; fileRef = 0661B605284FA15D0099AD07 /* LocationsInfoVC.swift */; };
		0661B60A28509C440099AD07 /* EpisodesVC.swift in Sources */ = {isa = PBXBuildFile; fileRef = 0661B60928509C440099AD07 /* EpisodesVC.swift */; };
		0661B60C28509C5D0099AD07 /* EpisodesCell.swift in Sources */ = {isa = PBXBuildFile; fileRef = 0661B60B28509C5D0099AD07 /* EpisodesCell.swift */; };
		0661B60E28509C720099AD07 /* EpisodesModel.swift in Sources */ = {isa = PBXBuildFile; fileRef = 0661B60D28509C720099AD07 /* EpisodesModel.swift */; };
		0661B61028509CB10099AD07 /* EpisodesRequest.swift in Sources */ = {isa = PBXBuildFile; fileRef = 0661B60F28509CB10099AD07 /* EpisodesRequest.swift */; };
		0661B6122850A0EE0099AD07 /* EpisodeInfoVC.swift in Sources */ = {isa = PBXBuildFile; fileRef = 0661B6112850A0EE0099AD07 /* EpisodeInfoVC.swift */; };
		068CD0EE282AA30B00303B88 /* AppDelegate.swift in Sources */ = {isa = PBXBuildFile; fileRef = 068CD0ED282AA30B00303B88 /* AppDelegate.swift */; };
		068CD0F2282AA30B00303B88 /* CharactersVC.swift in Sources */ = {isa = PBXBuildFile; fileRef = 068CD0F1282AA30B00303B88 /* CharactersVC.swift */; };
		068CD0F7282AA30E00303B88 /* Assets.xcassets in Resources */ = {isa = PBXBuildFile; fileRef = 068CD0F6282AA30E00303B88 /* Assets.xcassets */; };
		068CD0FA282AA30E00303B88 /* LaunchScreen.storyboard in Resources */ = {isa = PBXBuildFile; fileRef = 068CD0F8282AA30E00303B88 /* LaunchScreen.storyboard */; };
		068CD121282BAD7200303B88 /* CharactersCell.swift in Sources */ = {isa = PBXBuildFile; fileRef = 068CD120282BAD7200303B88 /* CharactersCell.swift */; };
		068CD123282BADC600303B88 /* CharactersInfoVC.swift in Sources */ = {isa = PBXBuildFile; fileRef = 068CD122282BADC600303B88 /* CharactersInfoVC.swift */; };
		068CD125282BAE7000303B88 /* LocationsModel.swift in Sources */ = {isa = PBXBuildFile; fileRef = 068CD124282BAE7000303B88 /* LocationsModel.swift */; };
		068CD127282BAEDE00303B88 /* CharactersImageView.swift in Sources */ = {isa = PBXBuildFile; fileRef = 068CD126282BAEDE00303B88 /* CharactersImageView.swift */; };
		068CD129282BAF0D00303B88 /* CharactersRequest.swift in Sources */ = {isa = PBXBuildFile; fileRef = 068CD128282BAF0D00303B88 /* CharactersRequest.swift */; };
		068CD12B282BAF5C00303B88 /* Request.swift in Sources */ = {isa = PBXBuildFile; fileRef = 068CD12A282BAF5C00303B88 /* Request.swift */; };
		068CD1B82846427000303B88 /* SectionsVC.swift in Sources */ = {isa = PBXBuildFile; fileRef = 068CD1B72846427000303B88 /* SectionsVC.swift */; };
		068CD1BE284A1A7800303B88 /* LocationsVC.swift in Sources */ = {isa = PBXBuildFile; fileRef = 068CD1BD284A1A7800303B88 /* LocationsVC.swift */; };
		068CD1C0284A1A9400303B88 /* LocationsCell.swift in Sources */ = {isa = PBXBuildFile; fileRef = 068CD1BF284A1A9400303B88 /* LocationsCell.swift */; };
		068CD1C2284A1AA700303B88 /* LocationsRequest.swift in Sources */ = {isa = PBXBuildFile; fileRef = 068CD1C1284A1AA700303B88 /* LocationsRequest.swift */; };
		068CD1C8284A5BEC00303B88 /* CharactersModel.swift in Sources */ = {isa = PBXBuildFile; fileRef = 068CD1C7284A5BEC00303B88 /* CharactersModel.swift */; };
/* End PBXBuildFile section */

/* Begin PBXFileReference section */
		0661B605284FA15D0099AD07 /* LocationsInfoVC.swift */ = {isa = PBXFileReference; lastKnownFileType = sourcecode.swift; path = LocationsInfoVC.swift; sourceTree = "<group>"; };
		0661B60928509C440099AD07 /* EpisodesVC.swift */ = {isa = PBXFileReference; lastKnownFileType = sourcecode.swift; path = EpisodesVC.swift; sourceTree = "<group>"; };
		0661B60B28509C5D0099AD07 /* EpisodesCell.swift */ = {isa = PBXFileReference; lastKnownFileType = sourcecode.swift; path = EpisodesCell.swift; sourceTree = "<group>"; };
		0661B60D28509C720099AD07 /* EpisodesModel.swift */ = {isa = PBXFileReference; lastKnownFileType = sourcecode.swift; path = EpisodesModel.swift; sourceTree = "<group>"; };
		0661B60F28509CB10099AD07 /* EpisodesRequest.swift */ = {isa = PBXFileReference; lastKnownFileType = sourcecode.swift; path = EpisodesRequest.swift; sourceTree = "<group>"; };
		0661B6112850A0EE0099AD07 /* EpisodeInfoVC.swift */ = {isa = PBXFileReference; lastKnownFileType = sourcecode.swift; path = EpisodeInfoVC.swift; sourceTree = "<group>"; };
		068CD0EA282AA30B00303B88 /* Rick&Morty.app */ = {isa = PBXFileReference; explicitFileType = wrapper.application; includeInIndex = 0; path = "Rick&Morty.app"; sourceTree = BUILT_PRODUCTS_DIR; };
		068CD0ED282AA30B00303B88 /* AppDelegate.swift */ = {isa = PBXFileReference; lastKnownFileType = sourcecode.swift; path = AppDelegate.swift; sourceTree = "<group>"; };
		068CD0F1282AA30B00303B88 /* CharactersVC.swift */ = {isa = PBXFileReference; lastKnownFileType = sourcecode.swift; path = CharactersVC.swift; sourceTree = "<group>"; };
		068CD0F6282AA30E00303B88 /* Assets.xcassets */ = {isa = PBXFileReference; lastKnownFileType = folder.assetcatalog; path = Assets.xcassets; sourceTree = "<group>"; };
		068CD0F9282AA30E00303B88 /* Base */ = {isa = PBXFileReference; lastKnownFileType = file.storyboard; name = Base; path = Base.lproj/LaunchScreen.storyboard; sourceTree = "<group>"; };
		068CD0FB282AA30E00303B88 /* Info.plist */ = {isa = PBXFileReference; lastKnownFileType = text.plist.xml; path = Info.plist; sourceTree = "<group>"; };
		068CD120282BAD7200303B88 /* CharactersCell.swift */ = {isa = PBXFileReference; lastKnownFileType = sourcecode.swift; path = CharactersCell.swift; sourceTree = "<group>"; };
		068CD122282BADC600303B88 /* CharactersInfoVC.swift */ = {isa = PBXFileReference; lastKnownFileType = sourcecode.swift; path = CharactersInfoVC.swift; sourceTree = "<group>"; };
		068CD124282BAE7000303B88 /* LocationsModel.swift */ = {isa = PBXFileReference; lastKnownFileType = sourcecode.swift; path = LocationsModel.swift; sourceTree = "<group>"; };
		068CD126282BAEDE00303B88 /* CharactersImageView.swift */ = {isa = PBXFileReference; lastKnownFileType = sourcecode.swift; path = CharactersImageView.swift; sourceTree = "<group>"; };
		068CD128282BAF0D00303B88 /* CharactersRequest.swift */ = {isa = PBXFileReference; lastKnownFileType = sourcecode.swift; path = CharactersRequest.swift; sourceTree = "<group>"; };
		068CD12A282BAF5C00303B88 /* Request.swift */ = {isa = PBXFileReference; lastKnownFileType = sourcecode.swift; path = Request.swift; sourceTree = "<group>"; };
		068CD1B72846427000303B88 /* SectionsVC.swift */ = {isa = PBXFileReference; lastKnownFileType = sourcecode.swift; path = SectionsVC.swift; sourceTree = "<group>"; };
		068CD1BD284A1A7800303B88 /* LocationsVC.swift */ = {isa = PBXFileReference; lastKnownFileType = sourcecode.swift; path = LocationsVC.swift; sourceTree = "<group>"; };
		068CD1BF284A1A9400303B88 /* LocationsCell.swift */ = {isa = PBXFileReference; lastKnownFileType = sourcecode.swift; path = LocationsCell.swift; sourceTree = "<group>"; };
		068CD1C1284A1AA700303B88 /* LocationsRequest.swift */ = {isa = PBXFileReference; lastKnownFileType = sourcecode.swift; path = LocationsRequest.swift; sourceTree = "<group>"; };
		068CD1C7284A5BEC00303B88 /* CharactersModel.swift */ = {isa = PBXFileReference; lastKnownFileType = sourcecode.swift; path = CharactersModel.swift; sourceTree = "<group>"; };
/* End PBXFileReference section */

/* Begin PBXFrameworksBuildPhase section */
		068CD0E7282AA30B00303B88 /* Frameworks */ = {
			isa = PBXFrameworksBuildPhase;
			buildActionMask = 2147483647;
			files = (
			);
			runOnlyForDeploymentPostprocessing = 0;
		};
/* End PBXFrameworksBuildPhase section */

/* Begin PBXGroup section */
		0661B61328516C600099AD07 /* Models */ = {
			isa = PBXGroup;
			children = (
				068CD1C7284A5BEC00303B88 /* CharactersModel.swift */,
				068CD124282BAE7000303B88 /* LocationsModel.swift */,
				0661B60D28509C720099AD07 /* EpisodesModel.swift */,
			);
			path = Models;
			sourceTree = "<group>";
		};
		0661B61428516CC20099AD07 /* Services */ = {
			isa = PBXGroup;
			children = (
				068CD12A282BAF5C00303B88 /* Request.swift */,
				068CD128282BAF0D00303B88 /* CharactersRequest.swift */,
				068CD126282BAEDE00303B88 /* CharactersImageView.swift */,
				068CD1C1284A1AA700303B88 /* LocationsRequest.swift */,
				0661B60F28509CB10099AD07 /* EpisodesRequest.swift */,
			);
			path = Services;
			sourceTree = "<group>";
		};
		0661B61528516D950099AD07 /* Controllers */ = {
			isa = PBXGroup;
			children = (
				068CD1B72846427000303B88 /* SectionsVC.swift */,
				068CD0F1282AA30B00303B88 /* CharactersVC.swift */,
				068CD122282BADC600303B88 /* CharactersInfoVC.swift */,
				068CD1BD284A1A7800303B88 /* LocationsVC.swift */,
				0661B605284FA15D0099AD07 /* LocationsInfoVC.swift */,
				0661B60928509C440099AD07 /* EpisodesVC.swift */,
				0661B6112850A0EE0099AD07 /* EpisodeInfoVC.swift */,
			);
			path = Controllers;
			sourceTree = "<group>";
		};
		0661B61628516E4A0099AD07 /* Views */ = {
			isa = PBXGroup;
			children = (
				068CD120282BAD7200303B88 /* CharactersCell.swift */,
				0661B60B28509C5D0099AD07 /* EpisodesCell.swift */,
				068CD1BF284A1A9400303B88 /* LocationsCell.swift */,
			);
			path = Views;
			sourceTree = "<group>";
		};
		068CD0E1282AA30B00303B88 = {
			isa = PBXGroup;
			children = (
				068CD0EC282AA30B00303B88 /* Rick&Morty */,
				068CD0EB282AA30B00303B88 /* Products */,
			);
			sourceTree = "<group>";
		};
		068CD0EB282AA30B00303B88 /* Products */ = {
			isa = PBXGroup;
			children = (
				068CD0EA282AA30B00303B88 /* Rick&Morty.app */,
			);
			name = Products;
			sourceTree = "<group>";
		};
		068CD0EC282AA30B00303B88 /* Rick&Morty */ = {
			isa = PBXGroup;
			children = (
				068CD0ED282AA30B00303B88 /* AppDelegate.swift */,
				0661B61328516C600099AD07 /* Models */,
				0661B61628516E4A0099AD07 /* Views */,
				0661B61528516D950099AD07 /* Controllers */,
				0661B61428516CC20099AD07 /* Services */,
				068CD0F6282AA30E00303B88 /* Assets.xcassets */,
				068CD0F8282AA30E00303B88 /* LaunchScreen.storyboard */,
				068CD0FB282AA30E00303B88 /* Info.plist */,
			);
			path = "Rick&Morty";
			sourceTree = "<group>";
		};
/* End PBXGroup section */

/* Begin PBXNativeTarget section */
		068CD0E9282AA30B00303B88 /* Rick&Morty */ = {
			isa = PBXNativeTarget;
			buildConfigurationList = 068CD0FE282AA30E00303B88 /* Build configuration list for PBXNativeTarget "Rick&Morty" */;
			buildPhases = (
				068CD0E6282AA30B00303B88 /* Sources */,
				068CD0E7282AA30B00303B88 /* Frameworks */,
				068CD0E8282AA30B00303B88 /* Resources */,
			);
			buildRules = (
			);
			dependencies = (
			);
			name = "Rick&Morty";
			packageProductDependencies = (
			);
			productName = "Rick&Morty";
			productReference = 068CD0EA282AA30B00303B88 /* Rick&Morty.app */;
			productType = "com.apple.product-type.application";
		};
/* End PBXNativeTarget section */

/* Begin PBXProject section */
		068CD0E2282AA30B00303B88 /* Project object */ = {
			isa = PBXProject;
			attributes = {
				BuildIndependentTargetsInParallel = 1;
				LastSwiftUpdateCheck = 1330;
				LastUpgradeCheck = 1330;
				TargetAttributes = {
					068CD0E9282AA30B00303B88 = {
						CreatedOnToolsVersion = 13.3.1;
					};
				};
			};
			buildConfigurationList = 068CD0E5282AA30B00303B88 /* Build configuration list for PBXProject "Rick&Morty" */;
			compatibilityVersion = "Xcode 13.0";
			developmentRegion = en;
			hasScannedForEncodings = 0;
			knownRegions = (
				en,
				Base,
			);
			mainGroup = 068CD0E1282AA30B00303B88;
			packageReferences = (
			);
			productRefGroup = 068CD0EB282AA30B00303B88 /* Products */;
			projectDirPath = "";
			projectRoot = "";
			targets = (
				068CD0E9282AA30B00303B88 /* Rick&Morty */,
			);
		};
/* End PBXProject section */

/* Begin PBXResourcesBuildPhase section */
		068CD0E8282AA30B00303B88 /* Resources */ = {
			isa = PBXResourcesBuildPhase;
			buildActionMask = 2147483647;
			files = (
				068CD0FA282AA30E00303B88 /* LaunchScreen.storyboard in Resources */,
				068CD0F7282AA30E00303B88 /* Assets.xcassets in Resources */,
			);
			runOnlyForDeploymentPostprocessing = 0;
		};
/* End PBXResourcesBuildPhase section */

/* Begin PBXSourcesBuildPhase section */
		068CD0E6282AA30B00303B88 /* Sources */ = {
			isa = PBXSourcesBuildPhase;
			buildActionMask = 2147483647;
			files = (
				0661B60A28509C440099AD07 /* EpisodesVC.swift in Sources */,
				0661B606284FA15D0099AD07 /* LocationsInfoVC.swift in Sources */,
				0661B61028509CB10099AD07 /* EpisodesRequest.swift in Sources */,
				068CD1BE284A1A7800303B88 /* LocationsVC.swift in Sources */,
				0661B60E28509C720099AD07 /* EpisodesModel.swift in Sources */,
				068CD127282BAEDE00303B88 /* CharactersImageView.swift in Sources */,
				068CD0F2282AA30B00303B88 /* CharactersVC.swift in Sources */,
				068CD1C2284A1AA700303B88 /* LocationsRequest.swift in Sources */,
				068CD123282BADC600303B88 /* CharactersInfoVC.swift in Sources */,
				068CD1C0284A1A9400303B88 /* LocationsCell.swift in Sources */,
				068CD125282BAE7000303B88 /* LocationsModel.swift in Sources */,
				068CD0EE282AA30B00303B88 /* AppDelegate.swift in Sources */,
				0661B6122850A0EE0099AD07 /* EpisodeInfoVC.swift in Sources */,
				068CD1B82846427000303B88 /* SectionsVC.swift in Sources */,
				068CD121282BAD7200303B88 /* CharactersCell.swift in Sources */,
				068CD12B282BAF5C00303B88 /* Request.swift in Sources */,
				0661B60C28509C5D0099AD07 /* EpisodesCell.swift in Sources */,
				068CD1C8284A5BEC00303B88 /* CharactersModel.swift in Sources */,
				068CD129282BAF0D00303B88 /* CharactersRequest.swift in Sources */,
			);
			runOnlyForDeploymentPostprocessing = 0;
		};
/* End PBXSourcesBuildPhase section */

/* Begin PBXVariantGroup section */
		068CD0F8282AA30E00303B88 /* LaunchScreen.storyboard */ = {
			isa = PBXVariantGroup;
			children = (
				068CD0F9282AA30E00303B88 /* Base */,
			);
			name = LaunchScreen.storyboard;
			sourceTree = "<group>";
		};
/* End PBXVariantGroup section */

/* Begin XCBuildConfiguration section */
		068CD0FC282AA30E00303B88 /* Debug */ = {
			isa = XCBuildConfiguration;
			buildSettings = {
				ALWAYS_SEARCH_USER_PATHS = NO;
				CLANG_ANALYZER_NONNULL = YES;
				CLANG_ANALYZER_NUMBER_OBJECT_CONVERSION = YES_AGGRESSIVE;
				CLANG_CXX_LANGUAGE_STANDARD = "gnu++17";
				CLANG_ENABLE_MODULES = YES;
				CLANG_ENABLE_OBJC_ARC = YES;
				CLANG_ENABLE_OBJC_WEAK = YES;
				CLANG_WARN_BLOCK_CAPTURE_AUTORELEASING = YES;
				CLANG_WARN_BOOL_CONVERSION = YES;
				CLANG_WARN_COMMA = YES;
				CLANG_WARN_CONSTANT_CONVERSION = YES;
				CLANG_WARN_DEPRECATED_OBJC_IMPLEMENTATIONS = YES;
				CLANG_WARN_DIRECT_OBJC_ISA_USAGE = YES_ERROR;
				CLANG_WARN_DOCUMENTATION_COMMENTS = YES;
				CLANG_WARN_EMPTY_BODY = YES;
				CLANG_WARN_ENUM_CONVERSION = YES;
				CLANG_WARN_INFINITE_RECURSION = YES;
				CLANG_WARN_INT_CONVERSION = YES;
				CLANG_WARN_NON_LITERAL_NULL_CONVERSION = YES;
				CLANG_WARN_OBJC_IMPLICIT_RETAIN_SELF = YES;
				CLANG_WARN_OBJC_LITERAL_CONVERSION = YES;
				CLANG_WARN_OBJC_ROOT_CLASS = YES_ERROR;
				CLANG_WARN_QUOTED_INCLUDE_IN_FRAMEWORK_HEADER = YES;
				CLANG_WARN_RANGE_LOOP_ANALYSIS = YES;
				CLANG_WARN_STRICT_PROTOTYPES = YES;
				CLANG_WARN_SUSPICIOUS_MOVE = YES;
				CLANG_WARN_UNGUARDED_AVAILABILITY = YES_AGGRESSIVE;
				CLANG_WARN_UNREACHABLE_CODE = YES;
				CLANG_WARN__DUPLICATE_METHOD_MATCH = YES;
				COPY_PHASE_STRIP = NO;
				DEBUG_INFORMATION_FORMAT = dwarf;
				ENABLE_STRICT_OBJC_MSGSEND = YES;
				ENABLE_TESTABILITY = YES;
				GCC_C_LANGUAGE_STANDARD = gnu11;
				GCC_DYNAMIC_NO_PIC = NO;
				GCC_NO_COMMON_BLOCKS = YES;
				GCC_OPTIMIZATION_LEVEL = 0;
				GCC_PREPROCESSOR_DEFINITIONS = (
					"DEBUG=1",
					"$(inherited)",
				);
				GCC_WARN_64_TO_32_BIT_CONVERSION = YES;
				GCC_WARN_ABOUT_RETURN_TYPE = YES_ERROR;
				GCC_WARN_UNDECLARED_SELECTOR = YES;
				GCC_WARN_UNINITIALIZED_AUTOS = YES_AGGRESSIVE;
				GCC_WARN_UNUSED_FUNCTION = YES;
				GCC_WARN_UNUSED_VARIABLE = YES;
				IPHONEOS_DEPLOYMENT_TARGET = 15.4;
				MTL_ENABLE_DEBUG_INFO = INCLUDE_SOURCE;
				MTL_FAST_MATH = YES;
				ONLY_ACTIVE_ARCH = YES;
				SDKROOT = iphoneos;
				SWIFT_ACTIVE_COMPILATION_CONDITIONS = DEBUG;
				SWIFT_OPTIMIZATION_LEVEL = "-Onone";
			};
			name = Debug;
		};
		068CD0FD282AA30E00303B88 /* Release */ = {
			isa = XCBuildConfiguration;
			buildSettings = {
				ALWAYS_SEARCH_USER_PATHS = NO;
				CLANG_ANALYZER_NONNULL = YES;
				CLANG_ANALYZER_NUMBER_OBJECT_CONVERSION = YES_AGGRESSIVE;
				CLANG_CXX_LANGUAGE_STANDARD = "gnu++17";
				CLANG_ENABLE_MODULES = YES;
				CLANG_ENABLE_OBJC_ARC = YES;
				CLANG_ENABLE_OBJC_WEAK = YES;
				CLANG_WARN_BLOCK_CAPTURE_AUTORELEASING = YES;
				CLANG_WARN_BOOL_CONVERSION = YES;
				CLANG_WARN_COMMA = YES;
				CLANG_WARN_CONSTANT_CONVERSION = YES;
				CLANG_WARN_DEPRECATED_OBJC_IMPLEMENTATIONS = YES;
				CLANG_WARN_DIRECT_OBJC_ISA_USAGE = YES_ERROR;
				CLANG_WARN_DOCUMENTATION_COMMENTS = YES;
				CLANG_WARN_EMPTY_BODY = YES;
				CLANG_WARN_ENUM_CONVERSION = YES;
				CLANG_WARN_INFINITE_RECURSION = YES;
				CLANG_WARN_INT_CONVERSION = YES;
				CLANG_WARN_NON_LITERAL_NULL_CONVERSION = YES;
				CLANG_WARN_OBJC_IMPLICIT_RETAIN_SELF = YES;
				CLANG_WARN_OBJC_LITERAL_CONVERSION = YES;
				CLANG_WARN_OBJC_ROOT_CLASS = YES_ERROR;
				CLANG_WARN_QUOTED_INCLUDE_IN_FRAMEWORK_HEADER = YES;
				CLANG_WARN_RANGE_LOOP_ANALYSIS = YES;
				CLANG_WARN_STRICT_PROTOTYPES = YES;
				CLANG_WARN_SUSPICIOUS_MOVE = YES;
				CLANG_WARN_UNGUARDED_AVAILABILITY = YES_AGGRESSIVE;
				CLANG_WARN_UNREACHABLE_CODE = YES;
				CLANG_WARN__DUPLICATE_METHOD_MATCH = YES;
				COPY_PHASE_STRIP = NO;
				DEBUG_INFORMATION_FORMAT = "dwarf-with-dsym";
				ENABLE_NS_ASSERTIONS = NO;
				ENABLE_STRICT_OBJC_MSGSEND = YES;
				GCC_C_LANGUAGE_STANDARD = gnu11;
				GCC_NO_COMMON_BLOCKS = YES;
				GCC_WARN_64_TO_32_BIT_CONVERSION = YES;
				GCC_WARN_ABOUT_RETURN_TYPE = YES_ERROR;
				GCC_WARN_UNDECLARED_SELECTOR = YES;
				GCC_WARN_UNINITIALIZED_AUTOS = YES_AGGRESSIVE;
				GCC_WARN_UNUSED_FUNCTION = YES;
				GCC_WARN_UNUSED_VARIABLE = YES;
				IPHONEOS_DEPLOYMENT_TARGET = 15.4;
				MTL_ENABLE_DEBUG_INFO = NO;
				MTL_FAST_MATH = YES;
				SDKROOT = iphoneos;
				SWIFT_COMPILATION_MODE = wholemodule;
				SWIFT_OPTIMIZATION_LEVEL = "-O";
				VALIDATE_PRODUCT = YES;
			};
			name = Release;
		};
		068CD0FF282AA30E00303B88 /* Debug */ = {
			isa = XCBuildConfiguration;
			buildSettings = {
				ASSETCATALOG_COMPILER_APPICON_NAME = AppIcon;
				ASSETCATALOG_COMPILER_GLOBAL_ACCENT_COLOR_NAME = AccentColor;
				ASSETCATALOG_COMPILER_INCLUDE_ALL_APPICON_ASSETS = YES;
				CODE_SIGN_STYLE = Automatic;
				CURRENT_PROJECT_VERSION = 1;
				DEVELOPMENT_TEAM = V6Z8C64ZY5;
				GENERATE_INFOPLIST_FILE = YES;
				INFOPLIST_FILE = "Rick&Morty/Info.plist";
				INFOPLIST_KEY_UIApplicationSupportsIndirectInputEvents = YES;
				INFOPLIST_KEY_UILaunchStoryboardName = LaunchScreen;
				INFOPLIST_KEY_UISupportedInterfaceOrientations = UIInterfaceOrientationPortrait;
				INFOPLIST_KEY_UISupportedInterfaceOrientations_iPad = "UIInterfaceOrientationPortrait UIInterfaceOrientationPortraitUpsideDown UIInterfaceOrientationLandscapeLeft UIInterfaceOrientationLandscapeRight";
				INFOPLIST_KEY_UISupportedInterfaceOrientations_iPhone = "UIInterfaceOrientationPortrait UIInterfaceOrientationLandscapeLeft UIInterfaceOrientationLandscapeRight";
				IPHONEOS_DEPLOYMENT_TARGET = 15.4;
				LD_RUNPATH_SEARCH_PATHS = (
					"$(inherited)",
					"@executable_path/Frameworks",
				);
				MARKETING_VERSION = 1.0;
				PRODUCT_BUNDLE_IDENTIFIER = "com..Rick-Morty";
				PRODUCT_NAME = "$(TARGET_NAME)";
				SWIFT_EMIT_LOC_STRINGS = YES;
				SWIFT_VERSION = 5.0;
				TARGETED_DEVICE_FAMILY = 1;
			};
			name = Debug;
		};
		068CD100282AA30E00303B88 /* Release */ = {
			isa = XCBuildConfiguration;
			buildSettings = {
				ASSETCATALOG_COMPILER_APPICON_NAME = AppIcon;
				ASSETCATALOG_COMPILER_GLOBAL_ACCENT_COLOR_NAME = AccentColor;
				ASSETCATALOG_COMPILER_INCLUDE_ALL_APPICON_ASSETS = YES;
				CODE_SIGN_STYLE = Automatic;
				CURRENT_PROJECT_VERSION = 1;
				DEVELOPMENT_TEAM = V6Z8C64ZY5;
				GENERATE_INFOPLIST_FILE = YES;
				INFOPLIST_FILE = "Rick&Morty/Info.plist";
				INFOPLIST_KEY_UIApplicationSupportsIndirectInputEvents = YES;
				INFOPLIST_KEY_UILaunchStoryboardName = LaunchScreen;
				INFOPLIST_KEY_UISupportedInterfaceOrientations = UIInterfaceOrientationPortrait;
				INFOPLIST_KEY_UISupportedInterfaceOrientations_iPad = "UIInterfaceOrientationPortrait UIInterfaceOrientationPortraitUpsideDown UIInterfaceOrientationLandscapeLeft UIInterfaceOrientationLandscapeRight";
				INFOPLIST_KEY_UISupportedInterfaceOrientations_iPhone = "UIInterfaceOrientationPortrait UIInterfaceOrientationLandscapeLeft UIInterfaceOrientationLandscapeRight";
				IPHONEOS_DEPLOYMENT_TARGET = 15.4;
				LD_RUNPATH_SEARCH_PATHS = (
					"$(inherited)",
					"@executable_path/Frameworks",
				);
				MARKETING_VERSION = 1.0;
				PRODUCT_BUNDLE_IDENTIFIER = "com..Rick-Morty";
				PRODUCT_NAME = "$(TARGET_NAME)";
				SWIFT_EMIT_LOC_STRINGS = YES;
				SWIFT_VERSION = 5.0;
				TARGETED_DEVICE_FAMILY = 1;
			};
			name = Release;
		};
/* End XCBuildConfiguration section */

/* Begin XCConfigurationList section */
		068CD0E5282AA30B00303B88 /* Build configuration list for PBXProject "Rick&Morty" */ = {
			isa = XCConfigurationList;
			buildConfigurations = (
				068CD0FC282AA30E00303B88 /* Debug */,
				068CD0FD282AA30E00303B88 /* Release */,
			);
			defaultConfigurationIsVisible = 0;
			defaultConfigurationName = Release;
		};
		068CD0FE282AA30E00303B88 /* Build configuration list for PBXNativeTarget "Rick&Morty" */ = {
			isa = XCConfigurationList;
			buildConfigurations = (
				068CD0FF282AA30E00303B88 /* Debug */,
				068CD100282AA30E00303B88 /* Release */,
			);
			defaultConfigurationIsVisible = 0;
			defaultConfigurationName = Release;
		};
/* End XCConfigurationList section */
	};
	rootObject = 068CD0E2282AA30B00303B88 /* Project object */;
}
